
Microsoft Visual Studio Solution File, Format Version 11.00
# Visual C++ Express 2010
Project("{8BC9CEB8-8B4A-11D0-8D11-00A0C91BC942}") = "myHTTP2022", "myHTTP2022-2010.vcxproj", "{EE06C1F3-28B1-4580-A0FA-9F7422C7E456}"
EndProject
Global
	GlobalSection(SolutionConfigurationPlatforms) = preSolution
		Debug|Win32 = Debug|Win32
		Release|Win32 = Release|Win32
	EndGlobalSection
	GlobalSection(ProjectConfigurationPlatforms) = postSolution
		{EE06C1F3-28B1-4580-A0FA-9F7422C7E456}.Debug|Win32.ActiveCfg = Debug|Win32
		{EE06C1F3-28B1-4580-A0FA-9F7422C7E456}.Debug|Win32.Build.0 = Debug|Win32
		{EE06C1F3-28B1-4580-A0FA-9F7422C7E456}.Release|Win32.ActiveCfg = Release|Win32
		{EE06C1F3-28B1-4580-A0FA-9F7422C7E456}.Release|Win32.Build.0 = Release|Win32
	EndGlobalSection
	GlobalSection(SolutionProperties) = preSolution
		HideSolutionNode = FALSE
	EndGlobalSection
EndGlobal
