<?xml version="1.0" encoding="utf-8"?>
<Project ToolsVersion="4.0" xmlns="http://schemas.microsoft.com/developer/msbuild/2003">
  <ItemGroup>
    <ClCompile Include="..\..\platforms\bk7231t\bk7231t_os\beken378\driver\common\dd.c" />
    <ClCompile Include="..\..\platforms\bk7231t\bk7231t_os\beken378\func\key\multi_button.c" />
    <ClCompile Include="..\..\platforms\bk7231t\bk7231t_os\beken378\func\lwip_intf\lwip-2.0.2\port\ethernetif.c" />
    <ClCompile Include="..\..\platforms\bk7231t\bk7231t_os\beken378\func\lwip_intf\lwip-2.0.2\src\api\sockets.c" />
    <ClCompile Include="..\..\platforms\bk7231t\bk7231t_os\beken378\func\lwip_intf\lwip-2.0.2\src\apps\mqtt\mqtt.c" />
    <ClCompile Include="..\..\platforms\bk7231t\bk7231t_os\beken378\func\lwip_intf\lwip-2.0.2\src\core\tcp.c" />
    <ClCompile Include="..\..\platforms\bk7231t\bk7231t_os\beken378\func\net_param_intf\net_param.c" />
    <ClCompile Include="..\main.c" />
    <ClCompile Include="src\base64\base64.c" />
    <ClCompile Include="src\bitmessage\bitmessage_read.c" />
    <ClCompile Include="src\bitmessage\bitmessage_write.c" />
    <ClCompile Include="src\cJSON\cJSON.c" />
    <ClCompile Include="src\cmnds\cmd_channels.c" />
    <ClCompile Include="src\cmnds\cmd_eventHandlers.c" />
    <ClCompile Include="src\cmnds\cmd_if.c" />
    <ClCompile Include="src\cmnds\cmd_main.c" />
    <ClCompile Include="src\cmnds\cmd_newLEDDriver.c" />
    <ClCompile Include="src\cmnds\cmd_newLEDDriver_colors.c" />
    <ClCompile Include="src\cmnds\cmd_repeatingEvents.c" />
    <ClCompile Include="src\cmnds\cmd_script.c" />
    <ClCompile Include="src\cmnds\cmd_send.c" />
    <ClCompile Include="src\cmnds\cmd_simulatorOnly.c" />
    <ClCompile Include="src\cmnds\cmd_tasmota.c" />
    <ClCompile Include="src\cmnds\cmd_tcp.c" />
    <ClCompile Include="src\cmnds\cmd_test.c" />
    <ClCompile Include="src\cmnds\cmd_tokenizer.c" />
    <ClCompile Include="src\debug_tuyaMCUsimulator.c" />
    <ClCompile Include="src\devicegroups\deviceGroups_read.c" />
    <ClCompile Include="src\devicegroups\deviceGroups_util.c" />
    <ClCompile Include="src\devicegroups\deviceGroups_write.c" />
    <ClCompile Include="src\driver\drv_adcButton.c" />
    <ClCompile Include="src\driver\drv_adcSmoother.c" />
    <ClCompile Include="src\driver\drv_battery.c" />
    <ClCompile Include="src\driver\drv_bl0937.c" />
    <ClCompile Include="src\driver\drv_bl0942.c" />
    <ClCompile Include="src\driver\drv_bl_shared.c" />
    <ClCompile Include="src\driver\drv_bp1658cj.c" />
    <ClCompile Include="src\driver\drv_bp5758d.c" />
    <ClCompile Include="src\driver\drv_bridge_driver.c" />
    <ClCompile Include="src\driver\drv_chargingLimit.c" />
    <ClCompile Include="src\driver\drv_cht8305.c" />
    <ClCompile Include="src\driver\drv_cse7766.c" />
    <ClCompile Include="src\driver\drv_ddp.c" />
    <ClCompile Include="src\driver\drv_debouncer.c" />
    <ClCompile Include="src\driver\drv_dht.c" />
    <ClCompile Include="src\driver\drv_dht_internal.c" />
    <ClCompile Include="src\driver\drv_doorSensorWithDeepSleep.c" />
    <ClCompile Include="src\driver\drv_gn6932.c" />
    <ClCompile Include="src\driver\drv_ht16k33.c" />
    <ClCompile Include="src\driver\drv_httpButtons.c" />
    <ClCompile Include="src\driver\drv_hue.c" />
    <ClCompile Include="src\driver\drv_ir.cpp" />
    <ClCompile Include="src\driver\drv_kp18058.c" />
    <ClCompile Include="src\driver\drv_kp18068.c" />
    <ClCompile Include="src\driver\drv_main.c" />
    <ClCompile Include="src\driver\drv_max72xx_clock.c" />
    <ClCompile Include="src\driver\drv_max72xx_internal.c" />
    <ClCompile Include="src\driver\drv_max72xx_single.c" />
    <ClCompile Include="src\driver\drv_mcp9808.c" />
    <ClCompile Include="src\driver\drv_ntp.c" />
    <ClCompile Include="src\driver\drv_ntp_events.c" />
    <ClCompile Include="src\driver\drv_pt6523.c" />
    <ClCompile Include="src\driver\drv_pwmToggler.c" />
    <ClCompile Include="src\driver\drv_pwrCal.c" />
    <ClCompile Include="src\driver\drv_rn8209.c" />
    <ClCompile Include="src\driver\drv_sgp.c" />
    <ClCompile Include="src\driver\drv_shiftRegister.c" />
    <ClCompile Include="src\driver\drv_sht3x.c" />
    <ClCompile Include="src\driver\drv_sm2135.c" />
    <ClCompile Include="src\driver\drv_sm2235.c" />
    <ClCompile Include="src\driver\drv_soft_i2c.c" />
    <ClCompile Include="src\driver\drv_spi.c" />
    <ClCompile Include="src\driver\drv_ssdp.c" />
    <ClCompile Include="src\driver\drv_tasmotaDeviceGroups.c" />
    <ClCompile Include="src\driver\drv_test_drivers.c" />
    <ClCompile Include="src\driver\drv_textScroller.c" />
    <ClCompile Include="src\driver\drv_tm1637.c" />
    <ClCompile Include="src\driver\drv_tm1638.c" />
    <ClCompile Include="src\driver\drv_tm_gn_display_shared.c" />
    <ClCompile Include="src\driver\drv_tuyaMCU.c" />
    <ClCompile Include="src\driver\drv_tuyaMCUSensor.c" />
    <ClCompile Include="src\driver\drv_wemo.c" />
    <ClCompile Include="src\driver\drv_uart.c" />
    <ClCompile Include="src\driver\drv_ucs1912.c" />
    <ClCompile Include="src\hal\bk7231\hal_adc_bk7231.c" />
    <ClCompile Include="src\hal\bk7231\hal_flashConfig_bk7231.c" />
    <ClCompile Include="src\hal\bk7231\hal_flashVars_bk7231.c" />
    <ClCompile Include="src\hal\bk7231\hal_generic_bk7231.c" />
    <ClCompile Include="src\hal\bk7231\hal_main_bk7231.c" />
    <ClCompile Include="src\hal\bk7231\hal_pins_bk7231.c" />
    <ClCompile Include="src\hal\bk7231\hal_wifi_bk7231.c" />
    <ClCompile Include="src\hal\bl602\hal_flashConfig_bl602.c" />
    <ClCompile Include="src\hal\bl602\hal_flashVars_bl602.c" />
    <ClCompile Include="src\hal\bl602\hal_generic_bl602.c" />
    <ClCompile Include="src\hal\bl602\hal_main_bl602.c" />
    <ClCompile Include="src\hal\bl602\hal_pins_bl602.c" />
    <ClCompile Include="src\hal\bl602\hal_wifi_bl602.c" />
    <ClCompile Include="src\hal\w800\hal_adc_w800.c" />
    <ClCompile Include="src\hal\w800\hal_flashConfig_w800.c" />
    <ClCompile Include="src\hal\w800\hal_flashVars_w800.c" />
    <ClCompile Include="src\hal\w800\hal_generic_w800.c" />
    <ClCompile Include="src\hal\w800\hal_main_w800.c" />
    <ClCompile Include="src\hal\w800\hal_pins_w800.c" />
    <ClCompile Include="src\hal\w800\hal_wifi_w800.c" />
    <ClCompile Include="src\hal\win32\hal_adc_win32.c" />
    <ClCompile Include="src\hal\win32\hal_flashConfig_win32.c" />
    <ClCompile Include="src\hal\win32\hal_flashVars_win32.c" />
    <ClCompile Include="src\hal\win32\hal_generic_win32.c" />
    <ClCompile Include="src\hal\win32\hal_main_win32.c" />
    <ClCompile Include="src\hal\win32\hal_pins_win32.c" />
    <ClCompile Include="src\hal\win32\hal_wifi_win32.c" />
    <ClCompile Include="src\hal\xr809\hal_flashConfig_xr809.c" />
    <ClCompile Include="src\hal\xr809\hal_flashVars_xr809.c" />
    <ClCompile Include="src\hal\xr809\hal_generic_xr809.c" />
    <ClCompile Include="src\hal\xr809\hal_main_xr809.c" />
    <ClCompile Include="src\hal\xr809\hal_pins_xr809.c" />
    <ClCompile Include="src\hal\xr809\hal_wifi_xr809.c" />
    <ClCompile Include="src\httpclient\http_client.c" />
    <ClCompile Include="src\httpclient\utils_net.c" />
    <ClCompile Include="src\httpclient\utils_timer.c" />
    <ClCompile Include="src\httpserver\hass.c" />
    <ClCompile Include="src\httpserver\http_basic_auth.c" />
    <ClCompile Include="src\httpserver\http_fns.c" />
    <ClCompile Include="src\httpserver\http_tcp_server.c" />
    <ClCompile Include="src\httpserver\http_tcp_server_nonblocking.c" />
    <ClCompile Include="src\httpserver\json_interface.c" />
    <ClCompile Include="src\httpserver\new_http.c" />
    <ClCompile Include="src\httpserver\rest_interface.c" />
    <ClCompile Include="src\i2c\drv_i2c_lcd_pcf8574t.c" />
    <ClCompile Include="src\i2c\drv_i2c_main.c" />
    <ClCompile Include="src\i2c\drv_i2c_mcp23017.c" />
    <ClCompile Include="src\i2c\drv_i2c_tc74.c" />
    <ClCompile Include="src\jsmn\jsmn.c" />
    <ClCompile Include="src\libraries\IRremoteESP8266\src\IRac.cpp" />
    <ClCompile Include="src\libraries\IRremoteESP8266\src\IRproto.cpp" />
    <ClCompile Include="src\libraries\IRremoteESP8266\src\IRrecv.cpp" />
    <ClCompile Include="src\libraries\IRremoteESP8266\src\IRsend.cpp" />
    <ClCompile Include="src\libraries\IRremoteESP8266\src\IRtext.cpp" />
    <ClCompile Include="src\libraries\IRremoteESP8266\src\IRtimer.cpp" />
    <ClCompile Include="src\libraries\IRremoteESP8266\src\IRutils.cpp" />
    <ClCompile Include="src\libraries\IRremoteESP8266\src\ir_Airton.cpp" />
    <ClCompile Include="src\libraries\IRremoteESP8266\src\ir_Airwell.cpp" />
    <ClCompile Include="src\libraries\IRremoteESP8266\src\ir_Aiwa.cpp" />
    <ClCompile Include="src\libraries\IRremoteESP8266\src\ir_Amcor.cpp" />
    <ClCompile Include="src\libraries\IRremoteESP8266\src\ir_Argo.cpp" />
    <ClCompile Include="src\libraries\IRremoteESP8266\src\ir_Arris.cpp" />
    <ClCompile Include="src\libraries\IRremoteESP8266\src\ir_Bosch.cpp" />
    <ClCompile Include="src\libraries\IRremoteESP8266\src\ir_Bose.cpp" />
    <ClCompile Include="src\libraries\IRremoteESP8266\src\ir_Carrier.cpp" />
    <ClCompile Include="src\libraries\IRremoteESP8266\src\ir_ClimaButler.cpp" />
    <ClCompile Include="src\libraries\IRremoteESP8266\src\ir_Coolix.cpp" />
    <ClCompile Include="src\libraries\IRremoteESP8266\src\ir_Corona.cpp" />
    <ClCompile Include="src\libraries\IRremoteESP8266\src\ir_Daikin.cpp" />
    <ClCompile Include="src\libraries\IRremoteESP8266\src\ir_Delonghi.cpp" />
    <ClCompile Include="src\libraries\IRremoteESP8266\src\ir_Denon.cpp" />
    <ClCompile Include="src\libraries\IRremoteESP8266\src\ir_Dish.cpp" />
    <ClCompile Include="src\libraries\IRremoteESP8266\src\ir_Doshisha.cpp" />
    <ClCompile Include="src\libraries\IRremoteESP8266\src\ir_Ecoclim.cpp" />
    <ClCompile Include="src\libraries\IRremoteESP8266\src\ir_Electra.cpp" />
    <ClCompile Include="src\libraries\IRremoteESP8266\src\ir_EliteScreens.cpp" />
    <ClCompile Include="src\libraries\IRremoteESP8266\src\ir_Epson.cpp" />
    <ClCompile Include="src\libraries\IRremoteESP8266\src\ir_Fujitsu.cpp" />
    <ClCompile Include="src\libraries\IRremoteESP8266\src\ir_GICable.cpp" />
    <ClCompile Include="src\libraries\IRremoteESP8266\src\ir_GlobalCache.cpp" />
    <ClCompile Include="src\libraries\IRremoteESP8266\src\ir_Goodweather.cpp" />
    <ClCompile Include="src\libraries\IRremoteESP8266\src\ir_Gorenje.cpp" />
    <ClCompile Include="src\libraries\IRremoteESP8266\src\ir_Gree.cpp" />
    <ClCompile Include="src\libraries\IRremoteESP8266\src\ir_Haier.cpp" />
    <ClCompile Include="src\libraries\IRremoteESP8266\src\ir_Hitachi.cpp" />
    <ClCompile Include="src\libraries\IRremoteESP8266\src\ir_Inax.cpp" />
    <ClCompile Include="src\libraries\IRremoteESP8266\src\ir_JVC.cpp" />
    <ClCompile Include="src\libraries\IRremoteESP8266\src\ir_Kelon.cpp" />
    <ClCompile Include="src\libraries\IRremoteESP8266\src\ir_Kelvinator.cpp" />
    <ClCompile Include="src\libraries\IRremoteESP8266\src\ir_Lasertag.cpp" />
    <ClCompile Include="src\libraries\IRremoteESP8266\src\ir_Lego.cpp" />
    <ClCompile Include="src\libraries\IRremoteESP8266\src\ir_LG.cpp" />
    <ClCompile Include="src\libraries\IRremoteESP8266\src\ir_Lutron.cpp" />
    <ClCompile Include="src\libraries\IRremoteESP8266\src\ir_Magiquest.cpp" />
    <ClCompile Include="src\libraries\IRremoteESP8266\src\ir_Metz.cpp" />
    <ClCompile Include="src\libraries\IRremoteESP8266\src\ir_Midea.cpp" />
    <ClCompile Include="src\libraries\IRremoteESP8266\src\ir_MilesTag2.cpp" />
    <ClCompile Include="src\libraries\IRremoteESP8266\src\ir_Mirage.cpp" />
    <ClCompile Include="src\libraries\IRremoteESP8266\src\ir_Mitsubishi.cpp" />
    <ClCompile Include="src\libraries\IRremoteESP8266\src\ir_MitsubishiHeavy.cpp" />
    <ClCompile Include="src\libraries\IRremoteESP8266\src\ir_Multibrackets.cpp" />
    <ClCompile Include="src\libraries\IRremoteESP8266\src\ir_MWM.cpp" />
    <ClCompile Include="src\libraries\IRremoteESP8266\src\ir_NEC.cpp" />
    <ClCompile Include="src\libraries\IRremoteESP8266\src\ir_Neoclima.cpp" />
    <ClCompile Include="src\libraries\IRremoteESP8266\src\ir_Nikai.cpp" />
    <ClCompile Include="src\libraries\IRremoteESP8266\src\ir_Panasonic.cpp" />
    <ClCompile Include="src\libraries\IRremoteESP8266\src\ir_Pioneer.cpp" />
    <ClCompile Include="src\libraries\IRremoteESP8266\src\ir_Pronto.cpp" />
    <ClCompile Include="src\libraries\IRremoteESP8266\src\ir_RC5_RC6.cpp" />
    <ClCompile Include="src\libraries\IRremoteESP8266\src\ir_RCMM.cpp" />
    <ClCompile Include="src\libraries\IRremoteESP8266\src\ir_Rhoss.cpp" />
    <ClCompile Include="src\libraries\IRremoteESP8266\src\ir_Samsung.cpp" />
    <ClCompile Include="src\libraries\IRremoteESP8266\src\ir_Sanyo.cpp" />
    <ClCompile Include="src\libraries\IRremoteESP8266\src\ir_Sharp.cpp" />
    <ClCompile Include="src\libraries\IRremoteESP8266\src\ir_Sherwood.cpp" />
    <ClCompile Include="src\libraries\IRremoteESP8266\src\ir_Sony.cpp" />
    <ClCompile Include="src\libraries\IRremoteESP8266\src\ir_Symphony.cpp" />
    <ClCompile Include="src\libraries\IRremoteESP8266\src\ir_Tcl.cpp" />
    <ClCompile Include="src\libraries\IRremoteESP8266\src\ir_Technibel.cpp" />
    <ClCompile Include="src\libraries\IRremoteESP8266\src\ir_Teco.cpp" />
    <ClCompile Include="src\libraries\IRremoteESP8266\src\ir_Teknopoint.cpp" />
    <ClCompile Include="src\libraries\IRremoteESP8266\src\ir_Toshiba.cpp" />
    <ClCompile Include="src\libraries\IRremoteESP8266\src\ir_Toto.cpp" />
    <ClCompile Include="src\libraries\IRremoteESP8266\src\ir_Transcold.cpp" />
    <ClCompile Include="src\libraries\IRremoteESP8266\src\ir_Trotec.cpp" />
    <ClCompile Include="src\libraries\IRremoteESP8266\src\ir_Truma.cpp" />
    <ClCompile Include="src\libraries\IRremoteESP8266\src\ir_Vestel.cpp" />
    <ClCompile Include="src\libraries\IRremoteESP8266\src\ir_Voltas.cpp" />
    <ClCompile Include="src\libraries\IRremoteESP8266\src\ir_Whirlpool.cpp" />
    <ClCompile Include="src\libraries\IRremoteESP8266\src\ir_Whynter.cpp" />
    <ClCompile Include="src\libraries\IRremoteESP8266\src\ir_Wowwee.cpp" />
    <ClCompile Include="src\libraries\IRremoteESP8266\src\ir_Xmp.cpp" />
    <ClCompile Include="src\libraries\IRremoteESP8266\src\ir_Zepeal.cpp" />
    <ClCompile Include="src\libraries\IRremoteESP8266\src\itoa.cpp" />
    <ClCompile Include="src\libraries\IRremoteESP8266\src\String.cpp" />
    <ClCompile Include="src\littlefs\lfs.c" />
    <ClCompile Include="src\littlefs\lfs_util.c" />
    <ClCompile Include="src\littlefs\our_lfs.c" />
    <ClCompile Include="src\logging\logging.c" />
    <ClCompile Include="src\mqtt\new_mqtt.c" />
    <ClCompile Include="src\mqtt\new_mqtt_deduper.c" />
    <ClCompile Include="src\new_cfg.c" />
    <ClCompile Include="src\new_common.c" />
    <ClCompile Include="src\new_ping.c" />
    <ClCompile Include="src\new_pins.c" />
    <ClCompile Include="src\ota\ota.c" />
    <ClCompile Include="src\rgb2hsv.c" />
    <ClCompile Include="src\selftest\selftest_batteryDriver.c" />
    <ClCompile Include="src\selftest\selftest_buttonEvents.c" />
    <ClCompile Include="src\selftest\selftest_chargingDriver.c" />
    <ClCompile Include="src\selftest\selftest_clockEvents.c" />
    <ClCompile Include="src\selftest\selftest_cmd_startup.c" />
    <ClCompile Include="src\selftest\selftest_flashSearch.c" />
    <ClCompile Include="src\selftest\selftest_hass_discovery_base.c" />
    <ClCompile Include="src\selftest\selftest_hass_discovery_ext.c" />
    <ClCompile Include="src\selftest\selftest_if_inside_backlog.c" />
    <ClCompile Include="src\selftest\selftest_json_lib.c" />
    <ClCompile Include="src\selftest\selftest_mqtt_get.c" />
    <ClCompile Include="src\selftest\selftest_ntp_sunsetSunrise.c" />
    <ClCompile Include="src\selftest\selftest_role_toggleAll_2.c" />
    <ClCompile Include="src\selftest\selftest_cfg_via_http.c" />
    <ClCompile Include="src\selftest\selftest_changeHandlers.c" />
    <ClCompile Include="src\selftest\selftest_changeHandlers_mqtt.c" />
    <ClCompile Include="src\selftest\selftest_cmd_alias.c" />
    <ClCompile Include="src\selftest\selftest_cmd_calendar.c" />
    <ClCompile Include="src\selftest\selftest_cmd_channels.c" />
    <ClCompile Include="src\selftest\selftest_cmd_generic.c" />
    <ClCompile Include="src\selftest\selftest_demo_buttonScrollingChannelValue.c" />
    <ClCompile Include="src\selftest\selftest_demo_buttonToggleGroup.c" />
    <ClCompile Include="src\selftest\selftest_demo_fanCyclingRelays.c" />
    <ClCompile Include="src\selftest\selftest_demo_mapFanSpeedToRelays.c" />
    <ClCompile Include="src\selftest\selftest_demo_scriptForShutters.c" />
    <ClCompile Include="src\selftest\selftest_deviceGroups.c" />
    <ClCompile Include="src\selftest\selftest_DHT.c" />
    <ClCompile Include="src\selftest\selftest_energyMeter.c" />
    <ClCompile Include="src\selftest\selftest_expandConstant.c" />
    <ClCompile Include="src\selftest\selftest_expressions.c" />
    <ClCompile Include="src\selftest\selftest_flags.c" />
    <ClCompile Include="src\selftest\selftest_hass_discovery.c" />
    <ClCompile Include="src\selftest\selftest_http.c" />
    <ClCompile Include="src\selftest\selftest_http_client.c" />
    <ClCompile Include="src\selftest\selftest_if.c" />
    <ClCompile Include="src\selftest\selftest_led.c" />
    <ClCompile Include="src\selftest\selftest_lfs.c" />
    <ClCompile Include="src\selftest\selftest_main.c" />
    <ClCompile Include="src\selftest\selftest_mapRanges.c" />
    <ClCompile Include="src\selftest\selftest_mqtt.c" />
    <ClCompile Include="src\selftest\selftest_multiplePinsOnChannel.c" />
    <ClCompile Include="src\selftest\selftest_ntp.c" />
    <ClCompile Include="src\selftest\selftest_repeatingEvents.c" />
    <ClCompile Include="src\selftest\selftest_role_toggleAll.c" />
    <ClCompile Include="src\selftest\selftest_script.c" />
    <ClCompile Include="src\selftest\selftest_demo_exclusiveRelays.c" />
    <ClCompile Include="src\selftest\selftest_tasmota.c" />
    <ClCompile Include="src\selftest\selftest_tokenizer.c" />
    <ClCompile Include="src\selftest\selftest_tuyaMCU.c" />
    <ClCompile Include="src\selftest\selftest_tuyaMCU_batteryPowered.c" />
    <ClCompile Include="src\selftest\selftest_twoPWMsOneChannel.c" />
    <ClCompile Include="src\selftest\selftest_util_mqtt.c" />
    <ClCompile Include="src\selftest\selftest_util_mqtt_json.c" />
    <ClCompile Include="src\selftest\selftest_waitFor.c" />
    <ClCompile Include="src\sim\Circle.cpp" />
    <ClCompile Include="src\sim\Controller_BL0942.cpp" />
    <ClCompile Include="src\sim\Controller_Bulb.cpp" />
    <ClCompile Include="src\sim\Controller_Button.cpp" />
    <ClCompile Include="src\sim\Controller_Pot.cpp" />
    <ClCompile Include="src\sim\Controller_SimulatorLink.cpp" />
    <ClCompile Include="src\sim\CursorManager.cpp" />
    <ClCompile Include="src\sim\Junction.cpp" />
    <ClCompile Include="src\sim\Line.cpp" />
    <ClCompile Include="src\sim\PrefabManager.cpp" />
    <ClCompile Include="src\sim\RecentList.cpp" />
    <ClCompile Include="src\sim\Rect.cpp" />
    <ClCompile Include="src\sim\SaveLoad.cpp" />
    <ClCompile Include="src\sim\Shape.cpp" />
    <ClCompile Include="src\sim\Simulation.cpp" />
    <ClCompile Include="src\sim\Simulator.cpp" />
    <ClCompile Include="src\sim\sim_sdl.cpp" />
    <ClCompile Include="src\sim\sim_uart.c" />
    <ClCompile Include="src\sim\Solver.cpp" />
    <ClCompile Include="src\sim\Text.cpp" />
    <ClCompile Include="src\sim\Texture.cpp" />
    <ClCompile Include="src\sim\TextureManager.cpp" />
    <ClCompile Include="src\sim\Tool_Copy.cpp" />
    <ClCompile Include="src\sim\Tool_Delete.cpp" />
    <ClCompile Include="src\sim\Tool_Info.cpp" />
    <ClCompile Include="src\sim\Tool_Move.cpp" />
    <ClCompile Include="src\sim\Tool_Text.cpp" />
    <ClCompile Include="src\sim\Tool_Use.cpp" />
    <ClCompile Include="src\sim\Tool_Wire.cpp" />
    <ClCompile Include="src\sim\WinMenuBar.cpp" />
    <ClCompile Include="src\sim\Wire.cpp" />
    <ClCompile Include="src\tiny_crc8.c" />
    <ClCompile Include="src\user_main.c" />
    <ClCompile Include="src\win32\stubs\lwip\win_mqtt_stub.c" />
    <ClCompile Include="src\win32\stubs\win_rtos_stub.c" />
    <ClCompile Include="src\win32\stubs\win_flash_stub.c" />
    <ClCompile Include="src\win_main.c" />
    <ClCompile Include="src\win_main_scriptOnly.c" />
    <ClCompile Include="src\win_stubs.c" />
    <ClCompile Include="src\selftest\selftest_http_led.c" />
    <ClCompile Include="src\driver\drv_max6675.c" />
    <ClCompile Include="src\driver\drv_freeze.c" />
    <ClCompile Include="src\driver\drv_sm16703P.c" />
    <ClCompile Include="src\selftest\selftest_ws2812b.c" />
    <ClCompile Include="src\sim\Controller_WS2812.cpp" />
    <ClCompile Include="src\driver\drv_pixelAnim.c" />
    <ClCompile Include="src\driver\drv_hd2015.c" />
    <ClCompile Include="src\selftest\selftest_doorSensor.c" />
    <ClCompile Include="src\driver\drv_drawers.c" />
    <ClCompile Include="src\driver\drv_spiLED.c" />
    <ClCompile Include="src\driver\drv_sm15155e.c" />
    <ClCompile Include="src\selftest\selftest_demo_signAndValue.c" />
    <ClCompile Include="src\driver\drv_charts.c" />
    <ClCompile Include="src\driver\drv_test_charts.c" />
    <ClCompile Include="src\sim\Controller_Switch.cpp" />
    <ClCompile Include="src\sim\Controller_DHT11.cpp" />
  </ItemGroup>
  <ItemGroup>
    <ClInclude Include="src\base64\base64.h" />
    <ClInclude Include="src\driver\drv_bl0937.h" />
    <ClInclude Include="src\driver\drv_bl0942.h" />
    <ClInclude Include="src\driver\drv_cht8305.h" />
    <ClInclude Include="src\driver\drv_cse7766.h" />
    <ClInclude Include="src\driver\drv_dht_internal.h" />
    <ClInclude Include="src\driver\drv_ht16k33.h" />
    <ClInclude Include="src\driver\drv_max72xx_internal.h" />
    <ClInclude Include="src\driver\drv_pt6523_font.h" />
    <ClInclude Include="src\driver\drv_sgp.h" />
    <ClInclude Include="src\driver\drv_sht3x.h" />
    <ClInclude Include="src\driver\drv_sm2235.h" />
    <ClInclude Include="src\driver\drv_test_drivers.h" />
    <ClInclude Include="src\driver\drv_tm1637.h" />
    <ClInclude Include="src\driver\drv_tm_gn_display_shared.h" />
    <ClInclude Include="src\httpserver\http_basic_auth.h" />
    <ClInclude Include="src\libraries\Arduino-IRremote-mod\src\ac_LG.h" />
    <ClInclude Include="src\libraries\Arduino-IRremote-mod\src\ac_LG.hpp" />
    <ClInclude Include="src\libraries\Arduino-IRremote-mod\src\digitalWriteFast.h" />
    <ClInclude Include="src\libraries\Arduino-IRremote-mod\src\IRFeedbackLED.hpp" />
    <ClInclude Include="src\libraries\Arduino-IRremote-mod\src\IRProtocol.h" />
    <ClInclude Include="src\libraries\Arduino-IRremote-mod\src\IRReceive.hpp" />
    <ClInclude Include="src\libraries\Arduino-IRremote-mod\src\IRremote.h" />
    <ClInclude Include="src\libraries\Arduino-IRremote-mod\src\IRremote.hpp" />
    <ClInclude Include="src\libraries\Arduino-IRremote-mod\src\IRremoteInt.h" />
    <ClInclude Include="src\libraries\Arduino-IRremote-mod\src\IRSend.hpp" />
    <ClInclude Include="src\libraries\Arduino-IRremote-mod\src\ir_BangOlufsen.hpp" />
    <ClInclude Include="src\libraries\Arduino-IRremote-mod\src\ir_BoseWave.hpp" />
    <ClInclude Include="src\libraries\Arduino-IRremote-mod\src\ir_Denon.hpp" />
    <ClInclude Include="src\libraries\Arduino-IRremote-mod\src\ir_DistanceProtocol.hpp" />
    <ClInclude Include="src\libraries\Arduino-IRremote-mod\src\ir_JVC.hpp" />
    <ClInclude Include="src\libraries\Arduino-IRremote-mod\src\ir_Kaseikyo.hpp" />
    <ClInclude Include="src\libraries\Arduino-IRremote-mod\src\ir_Lego.hpp" />
    <ClInclude Include="src\libraries\Arduino-IRremote-mod\src\ir_LG.hpp" />
    <ClInclude Include="src\libraries\Arduino-IRremote-mod\src\ir_MagiQuest.hpp" />
    <ClInclude Include="src\libraries\Arduino-IRremote-mod\src\ir_NEC.hpp" />
    <ClInclude Include="src\libraries\Arduino-IRremote-mod\src\ir_Others.hpp" />
    <ClInclude Include="src\libraries\Arduino-IRremote-mod\src\ir_Pronto.hpp" />
    <ClInclude Include="src\libraries\Arduino-IRremote-mod\src\ir_RC5_RC6.hpp" />
    <ClInclude Include="src\libraries\Arduino-IRremote-mod\src\ir_Samsung.hpp" />
    <ClInclude Include="src\libraries\Arduino-IRremote-mod\src\ir_Sony.hpp" />
    <ClInclude Include="src\libraries\Arduino-IRremote-mod\src\ir_Template.hpp" />
    <ClInclude Include="src\libraries\Arduino-IRremote-mod\src\LongUnion.h" />
    <ClInclude Include="src\libraries\Arduino-IRremote-mod\src\TinyIRReceiver.h" />
    <ClInclude Include="src\libraries\Arduino-IRremote-mod\src\TinyIRReceiver.hpp" />
    <ClInclude Include="src\libraries\IRremoteESP8266\src\i18n.h" />
    <ClInclude Include="src\libraries\IRremoteESP8266\src\IRac.h" />
    <ClInclude Include="src\libraries\IRremoteESP8266\src\IRmacros.h" />
    <ClInclude Include="src\libraries\IRremoteESP8266\src\IRproto.h" />
    <ClInclude Include="src\libraries\IRremoteESP8266\src\IRrecv.h" />
    <ClInclude Include="src\libraries\IRremoteESP8266\src\IRremoteESP8266.h" />
    <ClInclude Include="src\libraries\IRremoteESP8266\src\IRsend.h" />
    <ClInclude Include="src\libraries\IRremoteESP8266\src\IRtext.h" />
    <ClInclude Include="src\libraries\IRremoteESP8266\src\IRtimer.h" />
    <ClInclude Include="src\libraries\IRremoteESP8266\src\IRutils.h" />
    <ClInclude Include="src\libraries\IRremoteESP8266\src\ir_Airton.h" />
    <ClInclude Include="src\libraries\IRremoteESP8266\src\ir_Airwell.h" />
    <ClInclude Include="src\libraries\IRremoteESP8266\src\ir_Amcor.h" />
    <ClInclude Include="src\libraries\IRremoteESP8266\src\ir_Argo.h" />
    <ClInclude Include="src\libraries\IRremoteESP8266\src\ir_Bosch.h" />
    <ClInclude Include="src\libraries\IRremoteESP8266\src\ir_Carrier.h" />
    <ClInclude Include="src\libraries\IRremoteESP8266\src\ir_Coolix.h" />
    <ClInclude Include="src\libraries\IRremoteESP8266\src\ir_Corona.h" />
    <ClInclude Include="src\libraries\IRremoteESP8266\src\ir_Daikin.h" />
    <ClInclude Include="src\libraries\IRremoteESP8266\src\ir_Delonghi.h" />
    <ClInclude Include="src\libraries\IRremoteESP8266\src\ir_Ecoclim.h" />
    <ClInclude Include="src\libraries\IRremoteESP8266\src\ir_Electra.h" />
    <ClInclude Include="src\libraries\IRremoteESP8266\src\ir_Fujitsu.h" />
    <ClInclude Include="src\libraries\IRremoteESP8266\src\ir_Goodweather.h" />
    <ClInclude Include="src\libraries\IRremoteESP8266\src\ir_Gree.h" />
    <ClInclude Include="src\libraries\IRremoteESP8266\src\ir_Haier.h" />
    <ClInclude Include="src\libraries\IRremoteESP8266\src\ir_Hitachi.h" />
    <ClInclude Include="src\libraries\IRremoteESP8266\src\ir_Kelon.h" />
    <ClInclude Include="src\libraries\IRremoteESP8266\src\ir_Kelvinator.h" />
    <ClInclude Include="src\libraries\IRremoteESP8266\src\ir_LG.h" />
    <ClInclude Include="src\libraries\IRremoteESP8266\src\ir_Magiquest.h" />
    <ClInclude Include="src\libraries\IRremoteESP8266\src\ir_Midea.h" />
    <ClInclude Include="src\libraries\IRremoteESP8266\src\ir_Mirage.h" />
    <ClInclude Include="src\libraries\IRremoteESP8266\src\ir_Mitsubishi.h" />
    <ClInclude Include="src\libraries\IRremoteESP8266\src\ir_MitsubishiHeavy.h" />
    <ClInclude Include="src\libraries\IRremoteESP8266\src\ir_NEC.h" />
    <ClInclude Include="src\libraries\IRremoteESP8266\src\ir_Neoclima.h" />
    <ClInclude Include="src\libraries\IRremoteESP8266\src\ir_Panasonic.h" />
    <ClInclude Include="src\libraries\IRremoteESP8266\src\ir_Rhoss.h" />
    <ClInclude Include="src\libraries\IRremoteESP8266\src\ir_Samsung.h" />
    <ClInclude Include="src\libraries\IRremoteESP8266\src\ir_Sanyo.h" />
    <ClInclude Include="src\libraries\IRremoteESP8266\src\ir_Sharp.h" />
    <ClInclude Include="src\libraries\IRremoteESP8266\src\ir_Tcl.h" />
    <ClInclude Include="src\libraries\IRremoteESP8266\src\ir_Technibel.h" />
    <ClInclude Include="src\libraries\IRremoteESP8266\src\ir_Teco.h" />
    <ClInclude Include="src\libraries\IRremoteESP8266\src\ir_Toshiba.h" />
    <ClInclude Include="src\libraries\IRremoteESP8266\src\ir_Transcold.h" />
    <ClInclude Include="src\libraries\IRremoteESP8266\src\ir_Trotec.h" />
    <ClInclude Include="src\libraries\IRremoteESP8266\src\ir_Truma.h" />
    <ClInclude Include="src\libraries\IRremoteESP8266\src\ir_Vestel.h" />
    <ClInclude Include="src\libraries\IRremoteESP8266\src\ir_Voltas.h" />
    <ClInclude Include="src\libraries\IRremoteESP8266\src\ir_Whirlpool.h" />
    <ClInclude Include="src\libraries\IRremoteESP8266\src\itoa.h" />
    <ClInclude Include="src\libraries\IRremoteESP8266\src\minmax.h" />
    <ClInclude Include="src\libraries\IRremoteESP8266\src\String.h" />
    <ClInclude Include="src\littlefs\our_lfs.h" />
    <ClInclude Include="src\selftest\selftest_local.h" />
    <ClInclude Include="src\sim\Bounds.h" />
    <ClInclude Include="src\sim\Circle.h" />
    <ClInclude Include="src\sim\Controller_BL0942.h" />
    <ClInclude Include="src\sim\Controller_Bulb.h" />
    <ClInclude Include="src\sim\Controller_Button.h" />
    <ClInclude Include="src\sim\Controller_Pot.h" />
    <ClInclude Include="src\sim\Controller_SimulatorLink.h" />
    <ClInclude Include="src\sim\CursorManager.h" />
    <ClInclude Include="src\sim\Junction.h" />
    <ClInclude Include="src\sim\Line.h" />
    <ClInclude Include="src\sim\PrefabManager.h" />
    <ClInclude Include="src\sim\RecentList.h" />
    <ClInclude Include="src\sim\Rect.h" />
    <ClInclude Include="src\sim\SaveLoad.h" />
    <ClInclude Include="src\sim\Shape.h" />
    <ClInclude Include="src\sim\sim_local.h" />
    <ClInclude Include="src\sim\Solver.h" />
    <ClInclude Include="src\sim\Text.h" />
    <ClInclude Include="src\sim\Texture.h" />
    <ClInclude Include="src\sim\TextureManager.h" />
    <ClInclude Include="src\sim\Tool_Copy.h" />
    <ClInclude Include="src\sim\Tool_Delete.h" />
    <ClInclude Include="src\sim\Tool_Info.h" />
    <ClInclude Include="src\sim\Tool_Move.h" />
    <ClInclude Include="src\sim\Tool_Text.h" />
    <ClInclude Include="src\sim\Tool_Use.h" />
    <ClInclude Include="src\sim\Tool_Wire.h" />
    <ClInclude Include="src\sim\WinMenuBar.h" />
    <ClInclude Include="src\sim\Wire.h" />
    <ClInclude Include="src\hal\hal_adc.h" />
    <ClInclude Include="src\hal\hal_flashConfig.h" />
    <ClInclude Include="src\hal\hal_flashVars.h" />
    <ClInclude Include="src\hal\hal_generic.h" />
    <ClInclude Include="src\hal\hal_pins.h" />
    <ClInclude Include="src\hal\hal_wifi.h" />
    <ClInclude Include="src\httpserver\http_tcp_server.h" />
    <ClInclude Include="src\littlefs\lfs.h" />
    <ClInclude Include="src\littlefs\lfs_util.h" />
    <ClInclude Include="src\new_cfg.h" />
    <ClInclude Include="src\new_cmd.h" />
    <ClInclude Include="src\new_common.h" />
    <ClInclude Include="src\new_main.h" />
    <ClInclude Include="src\new_pins.h" />
    <ClInclude Include="src\new_repeatingEvents.h" />
    <ClInclude Include="src\new_tokenizer.h" />
    <ClInclude Include="src\ntp_time.h" />
    <ClInclude Include="src\obk_config.h" />
    <ClInclude Include="src\sim\Controller_WS2812.h" />
    <ClInclude Include="src\driver\drv_spiLED.h" />
    <ClInclude Include="src\sim\Controller_Switch.h" />
    <ClInclude Include="src\sim\Controller_DHT11.h" />
  </ItemGroup>
  <ItemGroup>
    <CustomBuild Include="..\..\platforms\bk7231t\bk7231t_os\beken378\func\include\net_param_pub.h" />
    <CustomBuild Include="..\..\platforms\bk7231t\bk7231t_os\beken378\func\key\multi_button.h" />
    <CustomBuild Include="..\..\platforms\bk7231t\bk7231t_os\beken378\func\lwip_intf\lwip-2.0.2\src\include\lwip\apps\mqtt.h" />
    <CustomBuild Include="..\..\platforms\bk7231t\bk7231t_os\beken378\func\user_driver\BkDriverI2c.h" />
    <CustomBuild Include="src\bitmessage\bitmessage_public.h" />
    <CustomBuild Include="src\cJSON\cJSON.h" />
    <CustomBuild Include="src\cmnds\cmd_local.h" />
    <CustomBuild Include="src\cmnds\cmd_public.h" />
    <CustomBuild Include="src\devicegroups\deviceGroups_local.h" />
    <CustomBuild Include="src\devicegroups\deviceGroups_public.h" />
    <CustomBuild Include="src\driver\drv_bp1658cj.h" />
    <CustomBuild Include="src\driver\drv_bp5758d.h" />
    <CustomBuild Include="src\driver\drv_config.h" />
    <CustomBuild Include="src\driver\drv_ir.h" />
    <CustomBuild Include="src\driver\drv_local.h" />
    <CustomBuild Include="src\driver\drv_public.h" />
    <CustomBuild Include="src\driver\drv_sm2135.h" />
    <CustomBuild Include="src\driver\drv_tuyaMCU.h" />
    <CustomBuild Include="src\driver\drv_uart.h" />
    <CustomBuild Include="src\httpclient\http_client.h" />
    <CustomBuild Include="src\httpclient\iot_export_errno.h" />
    <CustomBuild Include="src\httpclient\utils_net.h" />
    <CustomBuild Include="src\httpclient\utils_timer.h" />
    <CustomBuild Include="src\httpserver\hass.h" />
    <CustomBuild Include="src\httpserver\http_fns.h" />
    <CustomBuild Include="src\httpserver\new_http.h" />
    <CustomBuild Include="src\i2c\drv_i2c_local.h" />
    <CustomBuild Include="src\i2c\drv_i2c_mcp23017.h" />
    <CustomBuild Include="src\i2c\drv_i2c_public.h" />
    <CustomBuild Include="src\mqtt\new_mqtt_deduper.h" />
    <CustomBuild Include="src\rgb2hsv.h" />
    <CustomBuild Include="..\..\platforms\bk7231t\bk7231t_os\application.mk" />
  </ItemGroup>
</Project>